{
  "requires": true,
  "lockfileVersion": 1,
  "dependencies": {
    "cordova-plugin-console": {
      "version": "1.0.7",
      "resolved": "https://registry.npmjs.org/cordova-plugin-console/-/cordova-plugin-console-1.0.7.tgz",
      "integrity": "sha1-ibepLtHDNYiN/ADZAtxBcgHPOws=",
      "dev": true
    },
    "cordova-plugin-file": {
      "version": "6.0.1",
      "resolved": "https://registry.npmjs.org/cordova-plugin-file/-/cordova-plugin-file-6.0.1.tgz",
      "integrity": "sha1-SWBrjBWlaI1HKPkuSnMloGHeB/U="
    },
    "cordova-plugin-statusbar": {
      "version": "1.0.1",
      "resolved": "https://registry.npmjs.org/cordova-plugin-statusbar/-/cordova-plugin-statusbar-1.0.1.tgz",
      "integrity": "sha1-8v1x2s7ND4h8204hLI4J5LQZzD0=",
      "dev": true
    },
    "cordova-plugin-whitelist": {
      "version": "1.2.2",
      "resolved": "https://registry.npmjs.org/cordova-plugin-whitelist/-/cordova-plugin-whitelist-1.2.2.tgz",
      "integrity": "sha1-CFk/yVeIViCdQ3t2yLBHUp8Z9iM=",
      "dev": true
    }
  }
}
